{
  "name": "util",
  "version": "1.0.1",
  "lockfileVersion": 1,
  "requires": true,
  "dependencies": {
    "@types/node": {
      "version": "14.0.26",
      "resolved": "https://artifactory.global.square/artifactory/api/npm/square-npm/@types/node/-/node-14.0.26.tgz",
      "integrity": "sha1-IqO4pGUQ2olEtnv8J98Cw0o1Mxw="
    },
    "typescript": {
      "version": "3.9.7",
      "resolved": "https://artifactory.global.square/artifactory/api/npm/square-npm/typescript/-/typescript-3.9.7.tgz",
      "integrity": "sha1-mNYApevcOPQMsndSLxLcgA6eJfo="
    }
  }
}
